<?xml version="1.0" encoding="utf-8"?>
<Project ToolsVersion="4.0" xmlns="http://schemas.microsoft.com/developer/msbuild/2003">
  <ItemGroup>
    <ClCompile Include="abobora.c" />
    <ClCompile Include="funcExibicao.c" />
    <ClCompile Include="main.c" />
    <ClCompile Include="manipuladoresGene.c" />
    <ClCompile Include="semente.c" />
    <ClCompile Include="tilemap.c" />
    <ClCompile Include="inventario.c" />
  </ItemGroup>
  <ItemGroup>
    <ClInclude Include="abobora.h" />
    <ClInclude Include="funcExibicao.h" />
    <ClInclude Include="manipuladoresGene.h" />
    <ClInclude Include="semente.h" />
    <ClInclude Include="tilemap.h" />
    <ClInclude Include="inventario.h" />
  </ItemGroup>
  <ItemGroup>
    <None Include="packages.config" />
  </ItemGroup>
  <ItemGroup>
    <Image Include="imagens\grid.png" />
    <Image Include="imagens\gridAbobora.png" />
    <Image Include="imagens\gridSemente.png" />
    <Image Include="imagens\tileEstagio0.png" />
    <Image Include="imagens\tileEstagio1.png" />
    <Image Include="imagens\tileEstagio2.png" />
    <Image Include="imagens\tileEstagio3.png" />
    <Image Include="imagens\tileGrama.png" />
    <Image Include="imagens\tileTerra.png" />
  </ItemGroup>
</Project>